
Microsoft Visual Studio Solution File, Format Version 12.00
# Visual Studio Version 17
VisualStudioVersion = 17.0.32802.463
MinimumVisualStudioVersion = 10.0.40219.1
Project("{FAE04EC0-301F-11D3-BF4B-00C04F79EFBC}") = "adf-unit-testing", "adf-unit-testing\adf-unit-testing.csproj", "{23449A51-2EF1-465C-B02C-11528A4CE6B3}"
EndProject
Global
	GlobalSection(SolutionConfigurationPlatforms) = preSolution
		Debug|Any CPU = Debug|Any CPU
		Release|Any CPU = Release|Any CPU
	EndGlobalSection
	GlobalSection(ProjectConfigurationPlatforms) = postSolution
		{23449A51-2EF1-465C-B02C-11528A4CE6B3}.Debug|Any CPU.ActiveCfg = Debug|Any CPU
		{23449A51-2EF1-465C-B02C-11528A4CE6B3}.Debug|Any CPU.Build.0 = Debug|Any CPU
		{23449A51-2EF1-465C-B02C-11528A4CE6B3}.Release|Any CPU.ActiveCfg = Release|Any CPU
		{23449A51-2EF1-465C-B02C-11528A4CE6B3}.Release|Any CPU.Build.0 = Release|Any CPU
	EndGlobalSection
	GlobalSection(SolutionProperties) = preSolution
		HideSolutionNode = FALSE
	EndGlobalSection
	GlobalSection(ExtensibilityGlobals) = postSolution
		SolutionGuid = {BF225390-5B00-4168-A5B2-8D13664DDAA5}
	EndGlobalSection
EndGlobal
